
Microsoft Visual Studio Solution File, Format Version 12.00
# Visual Studio Version 16
VisualStudioVersion = 16.0.29920.165
MinimumVisualStudioVersion = 10.0.40219.1
Project("{FAE04EC0-301F-11D3-BF4B-00C04F79EFBC}") = "Test_Server", "Test_Server\Test_Server.csproj", "{0CE01E1F-3043-4712-993E-AC32CA589F1E}"
EndProject
Project("{FAE04EC0-301F-11D3-BF4B-00C04F79EFBC}") = "Repository", "Repository\Repository.csproj", "{0E4DFB68-9D7C-4AFA-B7F4-2C1989023548}"
EndProject
Global
	GlobalSection(SolutionConfigurationPlatforms) = preSolution
		Debug|Any CPU = Debug|Any CPU
		Release|Any CPU = Release|Any CPU
	EndGlobalSection
	GlobalSection(ProjectConfigurationPlatforms) = postSolution
		{0CE01E1F-3043-4712-993E-AC32CA589F1E}.Debug|Any CPU.ActiveCfg = Debug|Any CPU
		{0CE01E1F-3043-4712-993E-AC32CA589F1E}.Debug|Any CPU.Build.0 = Debug|Any CPU
		{0CE01E1F-3043-4712-993E-AC32CA589F1E}.Release|Any CPU.ActiveCfg = Release|Any CPU
		{0CE01E1F-3043-4712-993E-AC32CA589F1E}.Release|Any CPU.Build.0 = Release|Any CPU
		{0E4DFB68-9D7C-4AFA-B7F4-2C1989023548}.Debug|Any CPU.ActiveCfg = Debug|Any CPU
		{0E4DFB68-9D7C-4AFA-B7F4-2C1989023548}.Debug|Any CPU.Build.0 = Debug|Any CPU
		{0E4DFB68-9D7C-4AFA-B7F4-2C1989023548}.Release|Any CPU.ActiveCfg = Release|Any CPU
		{0E4DFB68-9D7C-4AFA-B7F4-2C1989023548}.Release|Any CPU.Build.0 = Release|Any CPU
	EndGlobalSection
	GlobalSection(SolutionProperties) = preSolution
		HideSolutionNode = FALSE
	EndGlobalSection
	GlobalSection(ExtensibilityGlobals) = postSolution
		SolutionGuid = {F67215B9-B2D0-4E51-A159-261AC1345B6C}
	EndGlobalSection
EndGlobal
